# This file is automatically @generated by Cargo.
# It is not intended for manual editing.
version = 3

[[package]]
name = "octopus-cli-prov"
version = "0.1.0"
dependencies = [
 "octopus-common",
]

[[package]]
name = "octopus-common"
version = "0.1.0"

[[package]]
name = "octopus-web"
version = "0.1.0"
